
Microsoft Visual Studio Solution File, Format Version 12.00
# Visual Studio 14
VisualStudioVersion = 14.0.25420.1
MinimumVisualStudioVersion = 10.0.40219.1
Project("{FAE04EC0-301F-11D3-BF4B-00C04F79EFBC}") = "App1", "App1\App1.csproj", "{B464F2EB-46C8-42E9-82B6-CA5579D7A488}"
EndProject
Project("{FAE04EC0-301F-11D3-BF4B-00C04F79EFBC}") = "App2", "App2\App2.csproj", "{F1043A4E-CE69-4B5A-8808-133540E51D4D}"
EndProject
Project("{FAE04EC0-301F-11D3-BF4B-00C04F79EFBC}") = "App3", "App3\App3.csproj", "{9ABD9C5B-F6AA-4983-9D9B-671EF1639639}"
EndProject
Project("{FAE04EC0-301F-11D3-BF4B-00C04F79EFBC}") = "App4", "App4\App4.csproj", "{DBFC5F7E-1FB6-4FA5-9F2B-6B36C1175D02}"
EndProject
Project("{FAE04EC0-301F-11D3-BF4B-00C04F79EFBC}") = "App5", "App5\App5.csproj", "{8A76B54D-572F-4641-AA4E-A811202C52FB}"
EndProject
Project("{FAE04EC0-301F-11D3-BF4B-00C04F79EFBC}") = "App6", "App6\App6.csproj", "{7E16FC3C-0D33-4F2B-A56D-7D160B2FB4B6}"
EndProject
Project("{FAE04EC0-301F-11D3-BF4B-00C04F79EFBC}") = "App7", "App7\App7.csproj", "{72897C04-C58C-4805-AD6A-A307E3E3E3C1}"
EndProject
Project("{FAE04EC0-301F-11D3-BF4B-00C04F79EFBC}") = "App8", "App8\App8.csproj", "{2869BAF8-FC16-438E-B8B5-79F1D9F52DF2}"
EndProject
Project("{FAE04EC0-301F-11D3-BF4B-00C04F79EFBC}") = "App9", "App9\App9.csproj", "{55691B60-DF29-4DFC-B2F2-26EFF354D278}"
EndProject
Project("{FAE04EC0-301F-11D3-BF4B-00C04F79EFBC}") = "BackGroundTasks", "BackGroundTasks\BackGroundTasks.csproj", "{9055CE3C-FA33-4C4B-85DD-D0BD043D2E65}"
EndProject
Project("{FAE04EC0-301F-11D3-BF4B-00C04F79EFBC}") = "VictoremMediaApp", "VictoremMediaApp\VictoremMediaApp.csproj", "{CD59600B-767A-4D6C-AE59-2A4461CDD0C2}"
EndProject
Global
	GlobalSection(SolutionConfigurationPlatforms) = preSolution
		Debug|Any CPU = Debug|Any CPU
		Debug|ARM = Debug|ARM
		Debug|x64 = Debug|x64
		Debug|x86 = Debug|x86
		Release|Any CPU = Release|Any CPU
		Release|ARM = Release|ARM
		Release|x64 = Release|x64
		Release|x86 = Release|x86
	EndGlobalSection
	GlobalSection(ProjectConfigurationPlatforms) = postSolution
		{B464F2EB-46C8-42E9-82B6-CA5579D7A488}.Debug|Any CPU.ActiveCfg = Debug|x86
		{B464F2EB-46C8-42E9-82B6-CA5579D7A488}.Debug|ARM.ActiveCfg = Debug|ARM
		{B464F2EB-46C8-42E9-82B6-CA5579D7A488}.Debug|ARM.Build.0 = Debug|ARM
		{B464F2EB-46C8-42E9-82B6-CA5579D7A488}.Debug|ARM.Deploy.0 = Debug|ARM
		{B464F2EB-46C8-42E9-82B6-CA5579D7A488}.Debug|x64.ActiveCfg = Debug|x64
		{B464F2EB-46C8-42E9-82B6-CA5579D7A488}.Debug|x64.Build.0 = Debug|x64
		{B464F2EB-46C8-42E9-82B6-CA5579D7A488}.Debug|x64.Deploy.0 = Debug|x64
		{B464F2EB-46C8-42E9-82B6-CA5579D7A488}.Debug|x86.ActiveCfg = Debug|x86
		{B464F2EB-46C8-42E9-82B6-CA5579D7A488}.Debug|x86.Build.0 = Debug|x86
		{B464F2EB-46C8-42E9-82B6-CA5579D7A488}.Debug|x86.Deploy.0 = Debug|x86
		{B464F2EB-46C8-42E9-82B6-CA5579D7A488}.Release|Any CPU.ActiveCfg = Release|x86
		{B464F2EB-46C8-42E9-82B6-CA5579D7A488}.Release|ARM.ActiveCfg = Release|ARM
		{B464F2EB-46C8-42E9-82B6-CA5579D7A488}.Release|ARM.Build.0 = Release|ARM
		{B464F2EB-46C8-42E9-82B6-CA5579D7A488}.Release|ARM.Deploy.0 = Release|ARM
		{B464F2EB-46C8-42E9-82B6-CA5579D7A488}.Release|x64.ActiveCfg = Release|x64
		{B464F2EB-46C8-42E9-82B6-CA5579D7A488}.Release|x64.Build.0 = Release|x64
		{B464F2EB-46C8-42E9-82B6-CA5579D7A488}.Release|x64.Deploy.0 = Release|x64
		{B464F2EB-46C8-42E9-82B6-CA5579D7A488}.Release|x86.ActiveCfg = Release|x86
		{B464F2EB-46C8-42E9-82B6-CA5579D7A488}.Release|x86.Build.0 = Release|x86
		{B464F2EB-46C8-42E9-82B6-CA5579D7A488}.Release|x86.Deploy.0 = Release|x86
		{F1043A4E-CE69-4B5A-8808-133540E51D4D}.Debug|Any CPU.ActiveCfg = Debug|x86
		{F1043A4E-CE69-4B5A-8808-133540E51D4D}.Debug|ARM.ActiveCfg = Debug|ARM
		{F1043A4E-CE69-4B5A-8808-133540E51D4D}.Debug|ARM.Build.0 = Debug|ARM
		{F1043A4E-CE69-4B5A-8808-133540E51D4D}.Debug|ARM.Deploy.0 = Debug|ARM
		{F1043A4E-CE69-4B5A-8808-133540E51D4D}.Debug|x64.ActiveCfg = Debug|x64
		{F1043A4E-CE69-4B5A-8808-133540E51D4D}.Debug|x64.Build.0 = Debug|x64
		{F1043A4E-CE69-4B5A-8808-133540E51D4D}.Debug|x64.Deploy.0 = Debug|x64
		{F1043A4E-CE69-4B5A-8808-133540E51D4D}.Debug|x86.ActiveCfg = Debug|x86
		{F1043A4E-CE69-4B5A-8808-133540E51D4D}.Debug|x86.Build.0 = Debug|x86
		{F1043A4E-CE69-4B5A-8808-133540E51D4D}.Debug|x86.Deploy.0 = Debug|x86
		{F1043A4E-CE69-4B5A-8808-133540E51D4D}.Release|Any CPU.ActiveCfg = Release|x86
		{F1043A4E-CE69-4B5A-8808-133540E51D4D}.Release|ARM.ActiveCfg = Release|ARM
		{F1043A4E-CE69-4B5A-8808-133540E51D4D}.Release|ARM.Build.0 = Release|ARM
		{F1043A4E-CE69-4B5A-8808-133540E51D4D}.Release|ARM.Deploy.0 = Release|ARM
		{F1043A4E-CE69-4B5A-8808-133540E51D4D}.Release|x64.ActiveCfg = Release|x64
		{F1043A4E-CE69-4B5A-8808-133540E51D4D}.Release|x64.Build.0 = Release|x64
		{F1043A4E-CE69-4B5A-8808-133540E51D4D}.Release|x64.Deploy.0 = Release|x64
		{F1043A4E-CE69-4B5A-8808-133540E51D4D}.Release|x86.ActiveCfg = Release|x86
		{F1043A4E-CE69-4B5A-8808-133540E51D4D}.Release|x86.Build.0 = Release|x86
		{F1043A4E-CE69-4B5A-8808-133540E51D4D}.Release|x86.Deploy.0 = Release|x86
		{9ABD9C5B-F6AA-4983-9D9B-671EF1639639}.Debug|Any CPU.ActiveCfg = Debug|x86
		{9ABD9C5B-F6AA-4983-9D9B-671EF1639639}.Debug|ARM.ActiveCfg = Debug|ARM
		{9ABD9C5B-F6AA-4983-9D9B-671EF1639639}.Debug|ARM.Build.0 = Debug|ARM
		{9ABD9C5B-F6AA-4983-9D9B-671EF1639639}.Debug|ARM.Deploy.0 = Debug|ARM
		{9ABD9C5B-F6AA-4983-9D9B-671EF1639639}.Debug|x64.ActiveCfg = Debug|x64
		{9ABD9C5B-F6AA-4983-9D9B-671EF1639639}.Debug|x64.Build.0 = Debug|x64
		{9ABD9C5B-F6AA-4983-9D9B-671EF1639639}.Debug|x64.Deploy.0 = Debug|x64
		{9ABD9C5B-F6AA-4983-9D9B-671EF1639639}.Debug|x86.ActiveCfg = Debug|x86
		{9ABD9C5B-F6AA-4983-9D9B-671EF1639639}.Debug|x86.Build.0 = Debug|x86
		{9ABD9C5B-F6AA-4983-9D9B-671EF1639639}.Debug|x86.Deploy.0 = Debug|x86
		{9ABD9C5B-F6AA-4983-9D9B-671EF1639639}.Release|Any CPU.ActiveCfg = Release|x86
		{9ABD9C5B-F6AA-4983-9D9B-671EF1639639}.Release|ARM.ActiveCfg = Release|ARM
		{9ABD9C5B-F6AA-4983-9D9B-671EF1639639}.Release|ARM.Build.0 = Release|ARM
		{9ABD9C5B-F6AA-4983-9D9B-671EF1639639}.Release|ARM.Deploy.0 = Release|ARM
		{9ABD9C5B-F6AA-4983-9D9B-671EF1639639}.Release|x64.ActiveCfg = Release|x64
		{9ABD9C5B-F6AA-4983-9D9B-671EF1639639}.Release|x64.Build.0 = Release|x64
		{9ABD9C5B-F6AA-4983-9D9B-671EF1639639}.Release|x64.Deploy.0 = Release|x64
		{9ABD9C5B-F6AA-4983-9D9B-671EF1639639}.Release|x86.ActiveCfg = Release|x86
		{9ABD9C5B-F6AA-4983-9D9B-671EF1639639}.Release|x86.Build.0 = Release|x86
		{9ABD9C5B-F6AA-4983-9D9B-671EF1639639}.Release|x86.Deploy.0 = Release|x86
		{DBFC5F7E-1FB6-4FA5-9F2B-6B36C1175D02}.Debug|Any CPU.ActiveCfg = Debug|x86
		{DBFC5F7E-1FB6-4FA5-9F2B-6B36C1175D02}.Debug|ARM.ActiveCfg = Debug|ARM
		{DBFC5F7E-1FB6-4FA5-9F2B-6B36C1175D02}.Debug|ARM.Build.0 = Debug|ARM
		{DBFC5F7E-1FB6-4FA5-9F2B-6B36C1175D02}.Debug|ARM.Deploy.0 = Debug|ARM
		{DBFC5F7E-1FB6-4FA5-9F2B-6B36C1175D02}.Debug|x64.ActiveCfg = Debug|x64
		{DBFC5F7E-1FB6-4FA5-9F2B-6B36C1175D02}.Debug|x64.Build.0 = Debug|x64
		{DBFC5F7E-1FB6-4FA5-9F2B-6B36C1175D02}.Debug|x64.Deploy.0 = Debug|x64
		{DBFC5F7E-1FB6-4FA5-9F2B-6B36C1175D02}.Debug|x86.ActiveCfg = Debug|x86
		{DBFC5F7E-1FB6-4FA5-9F2B-6B36C1175D02}.Debug|x86.Build.0 = Debug|x86
		{DBFC5F7E-1FB6-4FA5-9F2B-6B36C1175D02}.Debug|x86.Deploy.0 = Debug|x86
		{DBFC5F7E-1FB6-4FA5-9F2B-6B36C1175D02}.Release|Any CPU.ActiveCfg = Release|x86
		{DBFC5F7E-1FB6-4FA5-9F2B-6B36C1175D02}.Release|ARM.ActiveCfg = Release|ARM
		{DBFC5F7E-1FB6-4FA5-9F2B-6B36C1175D02}.Release|ARM.Build.0 = Release|ARM
		{DBFC5F7E-1FB6-4FA5-9F2B-6B36C1175D02}.Release|ARM.Deploy.0 = Release|ARM
		{DBFC5F7E-1FB6-4FA5-9F2B-6B36C1175D02}.Release|x64.ActiveCfg = Release|x64
		{DBFC5F7E-1FB6-4FA5-9F2B-6B36C1175D02}.Release|x64.Build.0 = Release|x64
		{DBFC5F7E-1FB6-4FA5-9F2B-6B36C1175D02}.Release|x64.Deploy.0 = Release|x64
		{DBFC5F7E-1FB6-4FA5-9F2B-6B36C1175D02}.Release|x86.ActiveCfg = Release|x86
		{DBFC5F7E-1FB6-4FA5-9F2B-6B36C1175D02}.Release|x86.Build.0 = Release|x86
		{DBFC5F7E-1FB6-4FA5-9F2B-6B36C1175D02}.Release|x86.Deploy.0 = Release|x86
		{8A76B54D-572F-4641-AA4E-A811202C52FB}.Debug|Any CPU.ActiveCfg = Debug|x86
		{8A76B54D-572F-4641-AA4E-A811202C52FB}.Debug|ARM.ActiveCfg = Debug|ARM
		{8A76B54D-572F-4641-AA4E-A811202C52FB}.Debug|ARM.Build.0 = Debug|ARM
		{8A76B54D-572F-4641-AA4E-A811202C52FB}.Debug|ARM.Deploy.0 = Debug|ARM
		{8A76B54D-572F-4641-AA4E-A811202C52FB}.Debug|x64.ActiveCfg = Debug|x64
		{8A76B54D-572F-4641-AA4E-A811202C52FB}.Debug|x64.Build.0 = Debug|x64
		{8A76B54D-572F-4641-AA4E-A811202C52FB}.Debug|x64.Deploy.0 = Debug|x64
		{8A76B54D-572F-4641-AA4E-A811202C52FB}.Debug|x86.ActiveCfg = Debug|x86
		{8A76B54D-572F-4641-AA4E-A811202C52FB}.Debug|x86.Build.0 = Debug|x86
		{8A76B54D-572F-4641-AA4E-A811202C52FB}.Debug|x86.Deploy.0 = Debug|x86
		{8A76B54D-572F-4641-AA4E-A811202C52FB}.Release|Any CPU.ActiveCfg = Release|x86
		{8A76B54D-572F-4641-AA4E-A811202C52FB}.Release|ARM.ActiveCfg = Release|ARM
		{8A76B54D-572F-4641-AA4E-A811202C52FB}.Release|ARM.Build.0 = Release|ARM
		{8A76B54D-572F-4641-AA4E-A811202C52FB}.Release|ARM.Deploy.0 = Release|ARM
		{8A76B54D-572F-4641-AA4E-A811202C52FB}.Release|x64.ActiveCfg = Release|x64
		{8A76B54D-572F-4641-AA4E-A811202C52FB}.Release|x64.Build.0 = Release|x64
		{8A76B54D-572F-4641-AA4E-A811202C52FB}.Release|x64.Deploy.0 = Release|x64
		{8A76B54D-572F-4641-AA4E-A811202C52FB}.Release|x86.ActiveCfg = Release|x86
		{8A76B54D-572F-4641-AA4E-A811202C52FB}.Release|x86.Build.0 = Release|x86
		{8A76B54D-572F-4641-AA4E-A811202C52FB}.Release|x86.Deploy.0 = Release|x86
		{7E16FC3C-0D33-4F2B-A56D-7D160B2FB4B6}.Debug|Any CPU.ActiveCfg = Debug|x86
		{7E16FC3C-0D33-4F2B-A56D-7D160B2FB4B6}.Debug|ARM.ActiveCfg = Debug|ARM
		{7E16FC3C-0D33-4F2B-A56D-7D160B2FB4B6}.Debug|ARM.Build.0 = Debug|ARM
		{7E16FC3C-0D33-4F2B-A56D-7D160B2FB4B6}.Debug|ARM.Deploy.0 = Debug|ARM
		{7E16FC3C-0D33-4F2B-A56D-7D160B2FB4B6}.Debug|x64.ActiveCfg = Debug|x64
		{7E16FC3C-0D33-4F2B-A56D-7D160B2FB4B6}.Debug|x64.Build.0 = Debug|x64
		{7E16FC3C-0D33-4F2B-A56D-7D160B2FB4B6}.Debug|x64.Deploy.0 = Debug|x64
		{7E16FC3C-0D33-4F2B-A56D-7D160B2FB4B6}.Debug|x86.ActiveCfg = Debug|x86
		{7E16FC3C-0D33-4F2B-A56D-7D160B2FB4B6}.Debug|x86.Build.0 = Debug|x86
		{7E16FC3C-0D33-4F2B-A56D-7D160B2FB4B6}.Debug|x86.Deploy.0 = Debug|x86
		{7E16FC3C-0D33-4F2B-A56D-7D160B2FB4B6}.Release|Any CPU.ActiveCfg = Release|x86
		{7E16FC3C-0D33-4F2B-A56D-7D160B2FB4B6}.Release|ARM.ActiveCfg = Release|ARM
		{7E16FC3C-0D33-4F2B-A56D-7D160B2FB4B6}.Release|ARM.Build.0 = Release|ARM
		{7E16FC3C-0D33-4F2B-A56D-7D160B2FB4B6}.Release|ARM.Deploy.0 = Release|ARM
		{7E16FC3C-0D33-4F2B-A56D-7D160B2FB4B6}.Release|x64.ActiveCfg = Release|x64
		{7E16FC3C-0D33-4F2B-A56D-7D160B2FB4B6}.Release|x64.Build.0 = Release|x64
		{7E16FC3C-0D33-4F2B-A56D-7D160B2FB4B6}.Release|x64.Deploy.0 = Release|x64
		{7E16FC3C-0D33-4F2B-A56D-7D160B2FB4B6}.Release|x86.ActiveCfg = Release|x86
		{7E16FC3C-0D33-4F2B-A56D-7D160B2FB4B6}.Release|x86.Build.0 = Release|x86
		{7E16FC3C-0D33-4F2B-A56D-7D160B2FB4B6}.Release|x86.Deploy.0 = Release|x86
		{72897C04-C58C-4805-AD6A-A307E3E3E3C1}.Debug|Any CPU.ActiveCfg = Debug|x86
		{72897C04-C58C-4805-AD6A-A307E3E3E3C1}.Debug|ARM.ActiveCfg = Debug|ARM
		{72897C04-C58C-4805-AD6A-A307E3E3E3C1}.Debug|ARM.Build.0 = Debug|ARM
		{72897C04-C58C-4805-AD6A-A307E3E3E3C1}.Debug|ARM.Deploy.0 = Debug|ARM
		{72897C04-C58C-4805-AD6A-A307E3E3E3C1}.Debug|x64.ActiveCfg = Debug|x64
		{72897C04-C58C-4805-AD6A-A307E3E3E3C1}.Debug|x64.Build.0 = Debug|x64
		{72897C04-C58C-4805-AD6A-A307E3E3E3C1}.Debug|x64.Deploy.0 = Debug|x64
		{72897C04-C58C-4805-AD6A-A307E3E3E3C1}.Debug|x86.ActiveCfg = Debug|x86
		{72897C04-C58C-4805-AD6A-A307E3E3E3C1}.Debug|x86.Build.0 = Debug|x86
		{72897C04-C58C-4805-AD6A-A307E3E3E3C1}.Debug|x86.Deploy.0 = Debug|x86
		{72897C04-C58C-4805-AD6A-A307E3E3E3C1}.Release|Any CPU.ActiveCfg = Release|x86
		{72897C04-C58C-4805-AD6A-A307E3E3E3C1}.Release|ARM.ActiveCfg = Release|ARM
		{72897C04-C58C-4805-AD6A-A307E3E3E3C1}.Release|ARM.Build.0 = Release|ARM
		{72897C04-C58C-4805-AD6A-A307E3E3E3C1}.Release|ARM.Deploy.0 = Release|ARM
		{72897C04-C58C-4805-AD6A-A307E3E3E3C1}.Release|x64.ActiveCfg = Release|x64
		{72897C04-C58C-4805-AD6A-A307E3E3E3C1}.Release|x64.Build.0 = Release|x64
		{72897C04-C58C-4805-AD6A-A307E3E3E3C1}.Release|x64.Deploy.0 = Release|x64
		{72897C04-C58C-4805-AD6A-A307E3E3E3C1}.Release|x86.ActiveCfg = Release|x86
		{72897C04-C58C-4805-AD6A-A307E3E3E3C1}.Release|x86.Build.0 = Release|x86
		{72897C04-C58C-4805-AD6A-A307E3E3E3C1}.Release|x86.Deploy.0 = Release|x86
		{2869BAF8-FC16-438E-B8B5-79F1D9F52DF2}.Debug|Any CPU.ActiveCfg = Debug|x86
		{2869BAF8-FC16-438E-B8B5-79F1D9F52DF2}.Debug|ARM.ActiveCfg = Debug|ARM
		{2869BAF8-FC16-438E-B8B5-79F1D9F52DF2}.Debug|ARM.Build.0 = Debug|ARM
		{2869BAF8-FC16-438E-B8B5-79F1D9F52DF2}.Debug|ARM.Deploy.0 = Debug|ARM
		{2869BAF8-FC16-438E-B8B5-79F1D9F52DF2}.Debug|x64.ActiveCfg = Debug|x64
		{2869BAF8-FC16-438E-B8B5-79F1D9F52DF2}.Debug|x64.Build.0 = Debug|x64
		{2869BAF8-FC16-438E-B8B5-79F1D9F52DF2}.Debug|x64.Deploy.0 = Debug|x64
		{2869BAF8-FC16-438E-B8B5-79F1D9F52DF2}.Debug|x86.ActiveCfg = Debug|x86
		{2869BAF8-FC16-438E-B8B5-79F1D9F52DF2}.Debug|x86.Build.0 = Debug|x86
		{2869BAF8-FC16-438E-B8B5-79F1D9F52DF2}.Debug|x86.Deploy.0 = Debug|x86
		{2869BAF8-FC16-438E-B8B5-79F1D9F52DF2}.Release|Any CPU.ActiveCfg = Release|x86
		{2869BAF8-FC16-438E-B8B5-79F1D9F52DF2}.Release|ARM.ActiveCfg = Release|ARM
		{2869BAF8-FC16-438E-B8B5-79F1D9F52DF2}.Release|ARM.Build.0 = Release|ARM
		{2869BAF8-FC16-438E-B8B5-79F1D9F52DF2}.Release|ARM.Deploy.0 = Release|ARM
		{2869BAF8-FC16-438E-B8B5-79F1D9F52DF2}.Release|x64.ActiveCfg = Release|x64
		{2869BAF8-FC16-438E-B8B5-79F1D9F52DF2}.Release|x64.Build.0 = Release|x64
		{2869BAF8-FC16-438E-B8B5-79F1D9F52DF2}.Release|x64.Deploy.0 = Release|x64
		{2869BAF8-FC16-438E-B8B5-79F1D9F52DF2}.Release|x86.ActiveCfg = Release|x86
		{2869BAF8-FC16-438E-B8B5-79F1D9F52DF2}.Release|x86.Build.0 = Release|x86
		{2869BAF8-FC16-438E-B8B5-79F1D9F52DF2}.Release|x86.Deploy.0 = Release|x86
		{55691B60-DF29-4DFC-B2F2-26EFF354D278}.Debug|Any CPU.ActiveCfg = Debug|x86
		{55691B60-DF29-4DFC-B2F2-26EFF354D278}.Debug|ARM.ActiveCfg = Debug|ARM
		{55691B60-DF29-4DFC-B2F2-26EFF354D278}.Debug|ARM.Build.0 = Debug|ARM
		{55691B60-DF29-4DFC-B2F2-26EFF354D278}.Debug|ARM.Deploy.0 = Debug|ARM
		{55691B60-DF29-4DFC-B2F2-26EFF354D278}.Debug|x64.ActiveCfg = Debug|x64
		{55691B60-DF29-4DFC-B2F2-26EFF354D278}.Debug|x64.Build.0 = Debug|x64
		{55691B60-DF29-4DFC-B2F2-26EFF354D278}.Debug|x64.Deploy.0 = Debug|x64
		{55691B60-DF29-4DFC-B2F2-26EFF354D278}.Debug|x86.ActiveCfg = Debug|x86
		{55691B60-DF29-4DFC-B2F2-26EFF354D278}.Debug|x86.Build.0 = Debug|x86
		{55691B60-DF29-4DFC-B2F2-26EFF354D278}.Debug|x86.Deploy.0 = Debug|x86
		{55691B60-DF29-4DFC-B2F2-26EFF354D278}.Release|Any CPU.ActiveCfg = Release|x86
		{55691B60-DF29-4DFC-B2F2-26EFF354D278}.Release|ARM.ActiveCfg = Release|ARM
		{55691B60-DF29-4DFC-B2F2-26EFF354D278}.Release|ARM.Build.0 = Release|ARM
		{55691B60-DF29-4DFC-B2F2-26EFF354D278}.Release|ARM.Deploy.0 = Release|ARM
		{55691B60-DF29-4DFC-B2F2-26EFF354D278}.Release|x64.ActiveCfg = Release|x64
		{55691B60-DF29-4DFC-B2F2-26EFF354D278}.Release|x64.Build.0 = Release|x64
		{55691B60-DF29-4DFC-B2F2-26EFF354D278}.Release|x64.Deploy.0 = Release|x64
		{55691B60-DF29-4DFC-B2F2-26EFF354D278}.Release|x86.ActiveCfg = Release|x86
		{55691B60-DF29-4DFC-B2F2-26EFF354D278}.Release|x86.Build.0 = Release|x86
		{55691B60-DF29-4DFC-B2F2-26EFF354D278}.Release|x86.Deploy.0 = Release|x86
		{9055CE3C-FA33-4C4B-85DD-D0BD043D2E65}.Debug|Any CPU.ActiveCfg = Debug|Any CPU
		{9055CE3C-FA33-4C4B-85DD-D0BD043D2E65}.Debug|Any CPU.Build.0 = Debug|Any CPU
		{9055CE3C-FA33-4C4B-85DD-D0BD043D2E65}.Debug|ARM.ActiveCfg = Debug|ARM
		{9055CE3C-FA33-4C4B-85DD-D0BD043D2E65}.Debug|ARM.Build.0 = Debug|ARM
		{9055CE3C-FA33-4C4B-85DD-D0BD043D2E65}.Debug|x64.ActiveCfg = Debug|x64
		{9055CE3C-FA33-4C4B-85DD-D0BD043D2E65}.Debug|x64.Build.0 = Debug|x64
		{9055CE3C-FA33-4C4B-85DD-D0BD043D2E65}.Debug|x86.ActiveCfg = Debug|x86
		{9055CE3C-FA33-4C4B-85DD-D0BD043D2E65}.Debug|x86.Build.0 = Debug|x86
		{9055CE3C-FA33-4C4B-85DD-D0BD043D2E65}.Release|Any CPU.ActiveCfg = Release|Any CPU
		{9055CE3C-FA33-4C4B-85DD-D0BD043D2E65}.Release|Any CPU.Build.0 = Release|Any CPU
		{9055CE3C-FA33-4C4B-85DD-D0BD043D2E65}.Release|ARM.ActiveCfg = Release|ARM
		{9055CE3C-FA33-4C4B-85DD-D0BD043D2E65}.Release|ARM.Build.0 = Release|ARM
		{9055CE3C-FA33-4C4B-85DD-D0BD043D2E65}.Release|x64.ActiveCfg = Release|x64
		{9055CE3C-FA33-4C4B-85DD-D0BD043D2E65}.Release|x64.Build.0 = Release|x64
		{9055CE3C-FA33-4C4B-85DD-D0BD043D2E65}.Release|x86.ActiveCfg = Release|x86
		{9055CE3C-FA33-4C4B-85DD-D0BD043D2E65}.Release|x86.Build.0 = Release|x86
		{CD59600B-767A-4D6C-AE59-2A4461CDD0C2}.Debug|Any CPU.ActiveCfg = Debug|x86
		{CD59600B-767A-4D6C-AE59-2A4461CDD0C2}.Debug|ARM.ActiveCfg = Debug|ARM
		{CD59600B-767A-4D6C-AE59-2A4461CDD0C2}.Debug|ARM.Build.0 = Debug|ARM
		{CD59600B-767A-4D6C-AE59-2A4461CDD0C2}.Debug|ARM.Deploy.0 = Debug|ARM
		{CD59600B-767A-4D6C-AE59-2A4461CDD0C2}.Debug|x64.ActiveCfg = Debug|x64
		{CD59600B-767A-4D6C-AE59-2A4461CDD0C2}.Debug|x64.Build.0 = Debug|x64
		{CD59600B-767A-4D6C-AE59-2A4461CDD0C2}.Debug|x64.Deploy.0 = Debug|x64
		{CD59600B-767A-4D6C-AE59-2A4461CDD0C2}.Debug|x86.ActiveCfg = Debug|x86
		{CD59600B-767A-4D6C-AE59-2A4461CDD0C2}.Debug|x86.Build.0 = Debug|x86
		{CD59600B-767A-4D6C-AE59-2A4461CDD0C2}.Debug|x86.Deploy.0 = Debug|x86
		{CD59600B-767A-4D6C-AE59-2A4461CDD0C2}.Release|Any CPU.ActiveCfg = Release|x86
		{CD59600B-767A-4D6C-AE59-2A4461CDD0C2}.Release|ARM.ActiveCfg = Release|ARM
		{CD59600B-767A-4D6C-AE59-2A4461CDD0C2}.Release|ARM.Build.0 = Release|ARM
		{CD59600B-767A-4D6C-AE59-2A4461CDD0C2}.Release|ARM.Deploy.0 = Release|ARM
		{CD59600B-767A-4D6C-AE59-2A4461CDD0C2}.Release|x64.ActiveCfg = Release|x64
		{CD59600B-767A-4D6C-AE59-2A4461CDD0C2}.Release|x64.Build.0 = Release|x64
		{CD59600B-767A-4D6C-AE59-2A4461CDD0C2}.Release|x64.Deploy.0 = Release|x64
		{CD59600B-767A-4D6C-AE59-2A4461CDD0C2}.Release|x86.ActiveCfg = Release|x86
		{CD59600B-767A-4D6C-AE59-2A4461CDD0C2}.Release|x86.Build.0 = Release|x86
		{CD59600B-767A-4D6C-AE59-2A4461CDD0C2}.Release|x86.Deploy.0 = Release|x86
	EndGlobalSection
	GlobalSection(SolutionProperties) = preSolution
		HideSolutionNode = FALSE
	EndGlobalSection
EndGlobal
